
Microsoft Visual Studio Solution File, Format Version 12.00
# Visual Studio 15
VisualStudioVersion = 15.0.26430.13
MinimumVisualStudioVersion = 10.0.40219.1
Project("{FAE04EC0-301F-11D3-BF4B-00C04F79EFBC}") = "UsuarioTest", "UsuarioTest\UsuarioTest.csproj", "{AB814F55-B5D7-41E9-AD53-97C68E8AF5A1}"
EndProject
Project("{F184B08F-C81C-45F6-A57F-5ABD9991F28F}") = "CapaLog", "..\..\..\..\..\..\proyectos_asp_net\sykesmensajeria-dashbaord\CapaLog\CapaLog.vbproj", "{AD078CFC-58D7-4FDD-8E05-A3CBAD3662DE}"
EndProject
Global
	GlobalSection(SolutionConfigurationPlatforms) = preSolution
		Debug|Any CPU = Debug|Any CPU
		Release|Any CPU = Release|Any CPU
	EndGlobalSection
	GlobalSection(ProjectConfigurationPlatforms) = postSolution
		{AB814F55-B5D7-41E9-AD53-97C68E8AF5A1}.Debug|Any CPU.ActiveCfg = Debug|Any CPU
		{AB814F55-B5D7-41E9-AD53-97C68E8AF5A1}.Debug|Any CPU.Build.0 = Debug|Any CPU
		{AB814F55-B5D7-41E9-AD53-97C68E8AF5A1}.Release|Any CPU.ActiveCfg = Release|Any CPU
		{AB814F55-B5D7-41E9-AD53-97C68E8AF5A1}.Release|Any CPU.Build.0 = Release|Any CPU
		{AD078CFC-58D7-4FDD-8E05-A3CBAD3662DE}.Debug|Any CPU.ActiveCfg = Debug|Any CPU
		{AD078CFC-58D7-4FDD-8E05-A3CBAD3662DE}.Debug|Any CPU.Build.0 = Debug|Any CPU
		{AD078CFC-58D7-4FDD-8E05-A3CBAD3662DE}.Release|Any CPU.ActiveCfg = Release|Any CPU
		{AD078CFC-58D7-4FDD-8E05-A3CBAD3662DE}.Release|Any CPU.Build.0 = Release|Any CPU
	EndGlobalSection
	GlobalSection(SolutionProperties) = preSolution
		HideSolutionNode = FALSE
	EndGlobalSection
EndGlobal
